
Microsoft Visual Studio Solution File, Format Version 12.00
# Visual Studio Version 17
VisualStudioVersion = 17.11.35222.181
MinimumVisualStudioVersion = 10.0.40219.1
Project("{FAE04EC0-301F-11D3-BF4B-00C04F79EFBC}") = "Homework 3", "Homework 3.csproj", "{45432A82-D333-4B43-82D8-125BE6434137}"
EndProject
Global
	GlobalSection(SolutionConfigurationPlatforms) = preSolution
		Debug|Any CPU = Debug|Any CPU
		Release|Any CPU = Release|Any CPU
	EndGlobalSection
	GlobalSection(ProjectConfigurationPlatforms) = postSolution
		{45432A82-D333-4B43-82D8-125BE6434137}.Debug|Any CPU.ActiveCfg = Debug|Any CPU
		{45432A82-D333-4B43-82D8-125BE6434137}.Debug|Any CPU.Build.0 = Debug|Any CPU
		{45432A82-D333-4B43-82D8-125BE6434137}.Release|Any CPU.ActiveCfg = Release|Any CPU
		{45432A82-D333-4B43-82D8-125BE6434137}.Release|Any CPU.Build.0 = Release|Any CPU
	EndGlobalSection
	GlobalSection(SolutionProperties) = preSolution
		HideSolutionNode = FALSE
	EndGlobalSection
	GlobalSection(ExtensibilityGlobals) = postSolution
		SolutionGuid = {8408591E-8294-485C-8B67-30BADA69214A}
	EndGlobalSection
EndGlobal
